
Microsoft Visual Studio Solution File, Format Version 12.00
# Visual Studio Version 17
VisualStudioVersion = 17.3.32804.467
MinimumVisualStudioVersion = 10.0.40219.1
Project("{FAE04EC0-301F-11D3-BF4B-00C04F79EFBC}") = "ArrayCreator", "ArrayCreator\ArrayCreator.csproj", "{C8EB6536-ADE6-44C3-8236-21748CAEDBCD}"
EndProject
Global
	GlobalSection(SolutionConfigurationPlatforms) = preSolution
		Debug|Any CPU = Debug|Any CPU
		Release|Any CPU = Release|Any CPU
	EndGlobalSection
	GlobalSection(ProjectConfigurationPlatforms) = postSolution
		{C8EB6536-ADE6-44C3-8236-21748CAEDBCD}.Debug|Any CPU.ActiveCfg = Debug|Any CPU
		{C8EB6536-ADE6-44C3-8236-21748CAEDBCD}.Debug|Any CPU.Build.0 = Debug|Any CPU
		{C8EB6536-ADE6-44C3-8236-21748CAEDBCD}.Release|Any CPU.ActiveCfg = Release|Any CPU
		{C8EB6536-ADE6-44C3-8236-21748CAEDBCD}.Release|Any CPU.Build.0 = Release|Any CPU
	EndGlobalSection
	GlobalSection(SolutionProperties) = preSolution
		HideSolutionNode = FALSE
	EndGlobalSection
	GlobalSection(ExtensibilityGlobals) = postSolution
		SolutionGuid = {D4594DBE-C0EF-4E32-BB91-D80F67922C1B}
	EndGlobalSection
EndGlobal
